
Microsoft Visual Studio Solution File, Format Version 12.00
# Visual Studio Version 17
VisualStudioVersion = 17.0.31612.314
MinimumVisualStudioVersion = 10.0.40219.1
Project("{9A19103F-16F7-4668-BE54-9A1E7A4F7556}") = "CalDAVNet", "CalDAVNet\CalDAVNet.csproj", "{65534866-22B0-4843-AA20-CE31AB5A75F5}"
EndProject
Project("{9A19103F-16F7-4668-BE54-9A1E7A4F7556}") = "CalDAVNet.Examples", "CalDAVNet.Examples\CalDAVNet.Examples.csproj", "{A26B0ED9-9AC4-4EEC-B3E0-B6D7AB44069C}"
EndProject
Global
	GlobalSection(SolutionConfigurationPlatforms) = preSolution
		Debug|Any CPU = Debug|Any CPU
		Debug|x64 = Debug|x64
		Release|Any CPU = Release|Any CPU
		Release|x64 = Release|x64
	EndGlobalSection
	GlobalSection(ProjectConfigurationPlatforms) = postSolution
		{65534866-22B0-4843-AA20-CE31AB5A75F5}.Debug|Any CPU.ActiveCfg = Debug|Any CPU
		{65534866-22B0-4843-AA20-CE31AB5A75F5}.Debug|Any CPU.Build.0 = Debug|Any CPU
		{65534866-22B0-4843-AA20-CE31AB5A75F5}.Debug|x64.ActiveCfg = Debug|Any CPU
		{65534866-22B0-4843-AA20-CE31AB5A75F5}.Debug|x64.Build.0 = Debug|Any CPU
		{65534866-22B0-4843-AA20-CE31AB5A75F5}.Release|Any CPU.ActiveCfg = Release|Any CPU
		{65534866-22B0-4843-AA20-CE31AB5A75F5}.Release|Any CPU.Build.0 = Release|Any CPU
		{65534866-22B0-4843-AA20-CE31AB5A75F5}.Release|x64.ActiveCfg = Release|Any CPU
		{65534866-22B0-4843-AA20-CE31AB5A75F5}.Release|x64.Build.0 = Release|Any CPU
		{A26B0ED9-9AC4-4EEC-B3E0-B6D7AB44069C}.Debug|Any CPU.ActiveCfg = Debug|Any CPU
		{A26B0ED9-9AC4-4EEC-B3E0-B6D7AB44069C}.Debug|Any CPU.Build.0 = Debug|Any CPU
		{A26B0ED9-9AC4-4EEC-B3E0-B6D7AB44069C}.Debug|x64.ActiveCfg = Debug|Any CPU
		{A26B0ED9-9AC4-4EEC-B3E0-B6D7AB44069C}.Debug|x64.Build.0 = Debug|Any CPU
		{A26B0ED9-9AC4-4EEC-B3E0-B6D7AB44069C}.Release|Any CPU.ActiveCfg = Release|Any CPU
		{A26B0ED9-9AC4-4EEC-B3E0-B6D7AB44069C}.Release|Any CPU.Build.0 = Release|Any CPU
		{A26B0ED9-9AC4-4EEC-B3E0-B6D7AB44069C}.Release|x64.ActiveCfg = Release|Any CPU
		{A26B0ED9-9AC4-4EEC-B3E0-B6D7AB44069C}.Release|x64.Build.0 = Release|Any CPU
	EndGlobalSection
	GlobalSection(SolutionProperties) = preSolution
		HideSolutionNode = FALSE
	EndGlobalSection
	GlobalSection(ExtensibilityGlobals) = postSolution
		SolutionGuid = {F845998D-3691-4188-9299-D4FF4FF2B1DE}
	EndGlobalSection
EndGlobal
